PODS:
  - Flutter (1.0.0)
  - flutter_social (0.0.1):
    - Flutter

DEPENDENCIES:
  - Flutter (from `Flutter`)
  - flutter_social (from `.symlinks/plugins/flutter_social/ios`)

EXTERNAL SOURCES:
  Flutter:
    :path: Flutter
  flutter_social:
    :path: ".symlinks/plugins/flutter_social/ios"

SPEC CHECKSUMS:
  Flutter: 0e3d915762c693b495b44d77113d4970485de6ec
  flutter_social: aa63340f738a45d3ada98aba5632e364385b0ed4

PODFILE CHECKSUM: 0ba44ad07df4ab62269dc769727cf0f12b1e453d

COCOAPODS: 1.8.3
